
Microsoft Visual Studio Solution File, Format Version 12.00
# Visual Studio Version 17
VisualStudioVersion = 17.5.33424.131
MinimumVisualStudioVersion = 10.0.40219.1
Project("{9A19103F-16F7-4668-BE54-9A1E7A4F7556}") = "API", ".\API\API.csproj", "{4480183C-8B3F-4CE3-9642-D34607D311ED}"
EndProject
Project("{9A19103F-16F7-4668-BE54-9A1E7A4F7556}") = "ElasticCore", ".\ElasticCore\ElasticCore.csproj", "{102ED350-FBC6-4817-B056-32C6F46AED72}"
EndProject
Project("{9A19103F-16F7-4668-BE54-9A1E7A4F7556}") = "Model", ".\Model\Model.csproj", "{5A86D459-39BD-4791-9A8A-6B496ECA4735}"
EndProject
Global
	GlobalSection(SolutionConfigurationPlatforms) = preSolution
		Debug|Any CPU = Debug|Any CPU
		Release|Any CPU = Release|Any CPU
	EndGlobalSection
	GlobalSection(ProjectConfigurationPlatforms) = postSolution
		{4480183C-8B3F-4CE3-9642-D34607D311ED}.Debug|Any CPU.ActiveCfg = Debug|Any CPU
		{4480183C-8B3F-4CE3-9642-D34607D311ED}.Debug|Any CPU.Build.0 = Debug|Any CPU
		{4480183C-8B3F-4CE3-9642-D34607D311ED}.Release|Any CPU.ActiveCfg = Release|Any CPU
		{4480183C-8B3F-4CE3-9642-D34607D311ED}.Release|Any CPU.Build.0 = Release|Any CPU
		{102ED350-FBC6-4817-B056-32C6F46AED72}.Debug|Any CPU.ActiveCfg = Debug|Any CPU
		{102ED350-FBC6-4817-B056-32C6F46AED72}.Debug|Any CPU.Build.0 = Debug|Any CPU
		{102ED350-FBC6-4817-B056-32C6F46AED72}.Release|Any CPU.ActiveCfg = Release|Any CPU
		{102ED350-FBC6-4817-B056-32C6F46AED72}.Release|Any CPU.Build.0 = Release|Any CPU
		{5A86D459-39BD-4791-9A8A-6B496ECA4735}.Debug|Any CPU.ActiveCfg = Debug|Any CPU
		{5A86D459-39BD-4791-9A8A-6B496ECA4735}.Debug|Any CPU.Build.0 = Debug|Any CPU
		{5A86D459-39BD-4791-9A8A-6B496ECA4735}.Release|Any CPU.ActiveCfg = Release|Any CPU
		{5A86D459-39BD-4791-9A8A-6B496ECA4735}.Release|Any CPU.Build.0 = Release|Any CPU
	EndGlobalSection
	GlobalSection(SolutionProperties) = preSolution
		HideSolutionNode = FALSE
	EndGlobalSection
	GlobalSection(ExtensibilityGlobals) = postSolution
		SolutionGuid = {C4C08AEE-6D53-438B-ABBD-810C49EEEBF3}
	EndGlobalSection
EndGlobal
